Microsoft Visual Studio Solution File, Format Version 12.00
# Visual Studio Version 17
VisualStudioVersion = 17.5.2.0
MinimumVisualStudioVersion = 10.0.40219.1
Project("{FAE04EC0-301F-11D3-BF4B-00C04F79EFBC}") = "DTO2207", "DTO2207.csproj", "{57B9FE58-EC70-32FD-15CD-28454388A32C}"
EndProject
Global
	GlobalSection(SolutionConfigurationPlatforms) = preSolution
		Debug|Any CPU = Debug|Any CPU
		Release|Any CPU = Release|Any CPU
	EndGlobalSection
	GlobalSection(ProjectConfigurationPlatforms) = postSolution
		{57B9FE58-EC70-32FD-15CD-28454388A32C}.Debug|Any CPU.ActiveCfg = Debug|Any CPU
		{57B9FE58-EC70-32FD-15CD-28454388A32C}.Debug|Any CPU.Build.0 = Debug|Any CPU
		{57B9FE58-EC70-32FD-15CD-28454388A32C}.Release|Any CPU.ActiveCfg = Release|Any CPU
		{57B9FE58-EC70-32FD-15CD-28454388A32C}.Release|Any CPU.Build.0 = Release|Any CPU
	EndGlobalSection
	GlobalSection(SolutionProperties) = preSolution
		HideSolutionNode = FALSE
	EndGlobalSection
	GlobalSection(ExtensibilityGlobals) = postSolution
		SolutionGuid = {0C52881B-E74F-4E72-86E1-0AAFBDE7C49B}
	EndGlobalSection
EndGlobal
